// !$*UTF8*$!
{
	archiveVersion = 1;
	classes = {
	};
	objectVersion = 60;
	objects = {

/* Begin PBXBuildFile section */
		A10000000000000000000001 /* Main.swift in Sources */ = {isa = PBXBuildFile; fileRef = A20000000000000000000001 /* Main.swift */; };
		A10000000000000000000002 /* ApplicationDelegate.swift in Sources */ = {isa = PBXBuildFile; fileRef = A20000000000000000000002 /* ApplicationDelegate.swift */; };
		A10000000000000000000003 /* WindWhisperInputController.swift in Sources */ = {isa = PBXBuildFile; fileRef = A20000000000000000000003 /* WindWhisperInputController.swift */; };
		A10000000000000000000004 /* InputSourceMetadata.swift in Sources */ = {isa = PBXBuildFile; fileRef = A20000000000000000000004 /* InputSourceMetadata.swift */; };
		A10000000000000000000005 /* MaintenanceCommand.swift in Sources */ = {isa = PBXBuildFile; fileRef = A20000000000000000000005 /* MaintenanceCommand.swift */; };
		A10000000000000000000006 /* InputSourceManager.swift in Sources */ = {isa = PBXBuildFile; fileRef = A20000000000000000000008 /* InputSourceManager.swift */; };
		A10000000000000000000007 /* WindWhisperInputIcon-v1.pdf in Resources */ = {isa = PBXBuildFile; fileRef = A20000000000000000000009 /* WindWhisperInputIcon-v1.pdf */; };
		A10000000000000000000008 /* zh_CN.lproj in Resources */ = {isa = PBXBuildFile; fileRef = A2000000000000000000000A /* zh_CN.lproj */; };
		A10000000000000000000009 /* Assets.xcassets in Resources */ = {isa = PBXBuildFile; fileRef = A2000000000000000000000B /* Assets.xcassets */; };
		A1000000000000000000000B /* InputModels.swift in Sources */ = {isa = PBXBuildFile; fileRef = A2000000000000000000000F /* InputModels.swift */; };
		A1000000000000000000000C /* InputService.swift in Sources */ = {isa = PBXBuildFile; fileRef = A20000000000000000000010 /* InputService.swift */; };
		A1000000000000000000000D /* EngineSmokeTest.swift in Sources */ = {isa = PBXBuildFile; fileRef = A20000000000000000000011 /* EngineSmokeTest.swift */; };
		A10000000000000000000010 /* fy.dict.yaml in Resources */ = {isa = PBXBuildFile; fileRef = A20000000000000000000013 /* fy.dict.yaml */; };
		A10000000000000000000011 /* NativeRuntime.swift in Sources */ = {isa = PBXBuildFile; fileRef = A20000000000000000000015 /* NativeRuntime.swift */; };
		A10000000000000000000012 /* KeyMapper.swift in Sources */ = {isa = PBXBuildFile; fileRef = A20000000000000000000016 /* KeyMapper.swift */; };
		A10000000000000000000013 /* M3SmokeTest.swift in Sources */ = {isa = PBXBuildFile; fileRef = A20000000000000000000017 /* M3SmokeTest.swift */; };
		A10000000000000000000014 /* zh-Hans.lproj in Resources */ = {isa = PBXBuildFile; fileRef = A20000000000000000000018 /* zh-Hans.lproj */; };
		A10000000000000000000015 /* en.lproj in Resources */ = {isa = PBXBuildFile; fileRef = A20000000000000000000019 /* en.lproj */; };
		A10000000000000000000017 /* CandidateWindowController.swift in Sources */ = {isa = PBXBuildFile; fileRef = A2000000000000000000001B /* CandidateWindowController.swift */; };
		A10000000000000000000018 /* CandidateWindowPositioner.swift in Sources */ = {isa = PBXBuildFile; fileRef = A2000000000000000000001C /* CandidateWindowPositioner.swift */; };
		A10000000000000000000019 /* M4SmokeTest.swift in Sources */ = {isa = PBXBuildFile; fileRef = A2000000000000000000001D /* M4SmokeTest.swift */; };
		A1000000000000000000001A /* CandidateWindowTheme.swift in Sources */ = {isa = PBXBuildFile; fileRef = A2000000000000000000001E /* CandidateWindowTheme.swift */; };
		A1000000000000000000001B /* CandidateWindowLayout.swift in Sources */ = {isa = PBXBuildFile; fileRef = A2000000000000000000001F /* CandidateWindowLayout.swift */; };
		A1000000000000000000001C /* M5SmokeTest.swift in Sources */ = {isa = PBXBuildFile; fileRef = A20000000000000000000020 /* M5SmokeTest.swift */; };
		A1000000000000000000001E /* FengYuSettings.swift in Sources */ = {isa = PBXBuildFile; fileRef = A20000000000000000000022 /* FengYuSettings.swift */; };
		A1000000000000000000001F /* FengYuSettingsMenu.swift in Sources */ = {isa = PBXBuildFile; fileRef = A20000000000000000000023 /* FengYuSettingsMenu.swift */; };
		A10000000000000000000020 /* M7SmokeTest.swift in Sources */ = {isa = PBXBuildFile; fileRef = A20000000000000000000024 /* M7SmokeTest.swift */; };
		A10000000000000000000021 /* InputModeIndicatorController.swift in Sources */ = {isa = PBXBuildFile; fileRef = A20000000000000000000025 /* InputModeIndicatorController.swift */; };
		A10000000000000000000022 /* M8SmokeTest.swift in Sources */ = {isa = PBXBuildFile; fileRef = A20000000000000000000026 /* M8SmokeTest.swift */; };
		A10000000000000000000023 /* CustomWords.swift in Sources */ = {isa = PBXBuildFile; fileRef = A20000000000000000000027 /* CustomWords.swift */; };
		A10000000000000000000024 /* CustomWordsEditor.swift in Sources */ = {isa = PBXBuildFile; fileRef = A20000000000000000000028 /* CustomWordsEditor.swift */; };
/* End PBXBuildFile section */

/* Begin PBXFileReference section */
		A20000000000000000000001 /* Main.swift */ = {isa = PBXFileReference; lastKnownFileType = sourcecode.swift; path = Main.swift; sourceTree = "<group>"; };
		A20000000000000000000002 /* ApplicationDelegate.swift */ = {isa = PBXFileReference; lastKnownFileType = sourcecode.swift; path = ApplicationDelegate.swift; sourceTree = "<group>"; };
		A20000000000000000000003 /* WindWhisperInputController.swift */ = {isa = PBXFileReference; lastKnownFileType = sourcecode.swift; path = WindWhisperInputController.swift; sourceTree = "<group>"; };
		A20000000000000000000004 /* InputSourceMetadata.swift */ = {isa = PBXFileReference; lastKnownFileType = sourcecode.swift; path = InputSourceMetadata.swift; sourceTree = "<group>"; };
		A20000000000000000000005 /* MaintenanceCommand.swift */ = {isa = PBXFileReference; lastKnownFileType = sourcecode.swift; path = MaintenanceCommand.swift; sourceTree = "<group>"; };
		A20000000000000000000006 /* Info.plist */ = {isa = PBXFileReference; lastKnownFileType = text.plist.xml; path = Info.plist; sourceTree = "<group>"; };
		A20000000000000000000007 /* windwhisper.app */ = {isa = PBXFileReference; explicitFileType = wrapper.application; includeInIndex = 0; path = windwhisper.app; sourceTree = BUILT_PRODUCTS_DIR; };
		A20000000000000000000008 /* InputSourceManager.swift */ = {isa = PBXFileReference; lastKnownFileType = sourcecode.swift; path = InputSourceManager.swift; sourceTree = "<group>"; };
		A20000000000000000000009 /* WindWhisperInputIcon-v1.pdf */ = {isa = PBXFileReference; lastKnownFileType = image.pdf; path = "WindWhisperInputIcon-v1.pdf"; sourceTree = "<group>"; };
		A2000000000000000000000A /* zh_CN.lproj */ = {isa = PBXFileReference; lastKnownFileType = folder; path = zh_CN.lproj; sourceTree = "<group>"; };
		A2000000000000000000000B /* Assets.xcassets */ = {isa = PBXFileReference; lastKnownFileType = folder.assetcatalog; path = Assets.xcassets; sourceTree = "<group>"; };
		A2000000000000000000000F /* InputModels.swift */ = {isa = PBXFileReference; lastKnownFileType = sourcecode.swift; path = InputModels.swift; sourceTree = "<group>"; };
		A20000000000000000000010 /* InputService.swift */ = {isa = PBXFileReference; lastKnownFileType = sourcecode.swift; path = InputService.swift; sourceTree = "<group>"; };
		A20000000000000000000011 /* EngineSmokeTest.swift */ = {isa = PBXFileReference; lastKnownFileType = sourcecode.swift; path = EngineSmokeTest.swift; sourceTree = "<group>"; };
		A20000000000000000000013 /* fy.dict.yaml */ = {isa = PBXFileReference; lastKnownFileType = text; path = fy.dict.yaml; sourceTree = "<group>"; };
		A20000000000000000000015 /* NativeRuntime.swift */ = {isa = PBXFileReference; lastKnownFileType = sourcecode.swift; path = NativeRuntime.swift; sourceTree = "<group>"; };
		A20000000000000000000016 /* KeyMapper.swift */ = {isa = PBXFileReference; lastKnownFileType = sourcecode.swift; path = KeyMapper.swift; sourceTree = "<group>"; };
		A20000000000000000000017 /* M3SmokeTest.swift */ = {isa = PBXFileReference; lastKnownFileType = sourcecode.swift; path = M3SmokeTest.swift; sourceTree = "<group>"; };
		A20000000000000000000018 /* zh-Hans.lproj */ = {isa = PBXFileReference; lastKnownFileType = folder; path = "zh-Hans.lproj"; sourceTree = "<group>"; };
		A20000000000000000000019 /* en.lproj */ = {isa = PBXFileReference; lastKnownFileType = folder; path = en.lproj; sourceTree = "<group>"; };
		A2000000000000000000001B /* CandidateWindowController.swift */ = {isa = PBXFileReference; lastKnownFileType = sourcecode.swift; path = CandidateWindowController.swift; sourceTree = "<group>"; };
		A2000000000000000000001C /* CandidateWindowPositioner.swift */ = {isa = PBXFileReference; lastKnownFileType = sourcecode.swift; path = CandidateWindowPositioner.swift; sourceTree = "<group>"; };
		A2000000000000000000001D /* M4SmokeTest.swift */ = {isa = PBXFileReference; lastKnownFileType = sourcecode.swift; path = M4SmokeTest.swift; sourceTree = "<group>"; };
		A2000000000000000000001E /* CandidateWindowTheme.swift */ = {isa = PBXFileReference; lastKnownFileType = sourcecode.swift; path = CandidateWindowTheme.swift; sourceTree = "<group>"; };
		A2000000000000000000001F /* CandidateWindowLayout.swift */ = {isa = PBXFileReference; lastKnownFileType = sourcecode.swift; path = CandidateWindowLayout.swift; sourceTree = "<group>"; };
		A20000000000000000000020 /* M5SmokeTest.swift */ = {isa = PBXFileReference; lastKnownFileType = sourcecode.swift; path = M5SmokeTest.swift; sourceTree = "<group>"; };
		A20000000000000000000021 /* M6SmokeTest.swift */ = {isa = PBXFileReference; lastKnownFileType = sourcecode.swift; path = M6SmokeTest.swift; sourceTree = "<group>"; };
		A20000000000000000000022 /* FengYuSettings.swift */ = {isa = PBXFileReference; lastKnownFileType = sourcecode.swift; path = FengYuSettings.swift; sourceTree = "<group>"; };
		A20000000000000000000023 /* FengYuSettingsMenu.swift */ = {isa = PBXFileReference; lastKnownFileType = sourcecode.swift; path = FengYuSettingsMenu.swift; sourceTree = "<group>"; };
		A20000000000000000000024 /* M7SmokeTest.swift */ = {isa = PBXFileReference; lastKnownFileType = sourcecode.swift; path = M7SmokeTest.swift; sourceTree = "<group>"; };
		A20000000000000000000025 /* InputModeIndicatorController.swift */ = {isa = PBXFileReference; lastKnownFileType = sourcecode.swift; path = InputModeIndicatorController.swift; sourceTree = "<group>"; };
		A20000000000000000000026 /* M8SmokeTest.swift */ = {isa = PBXFileReference; lastKnownFileType = sourcecode.swift; path = M8SmokeTest.swift; sourceTree = "<group>"; };
		A20000000000000000000027 /* CustomWords.swift */ = {isa = PBXFileReference; lastKnownFileType = sourcecode.swift; path = CustomWords.swift; sourceTree = "<group>"; };
		A20000000000000000000028 /* CustomWordsEditor.swift */ = {isa = PBXFileReference; lastKnownFileType = sourcecode.swift; path = CustomWordsEditor.swift; sourceTree = "<group>"; };
/* End PBXFileReference section */

/* Begin PBXFrameworksBuildPhase section */
		A30000000000000000000001 /* Frameworks */ = {
			isa = PBXFrameworksBuildPhase;
			buildActionMask = 2147483647;
			files = (
			);
			runOnlyForDeploymentPostprocessing = 0;
		};
/* End PBXFrameworksBuildPhase section */

/* Begin PBXGroup section */
		A40000000000000000000001 = {
			isa = PBXGroup;
			children = (
				A40000000000000000000002 /* App */,
				A40000000000000000000003 /* Sources */,
				A40000000000000000000006 /* Resources */,
				A40000000000000000000007 /* Products */,
			);
			sourceTree = "<group>";
		};
		A40000000000000000000002 /* App */ = {
			isa = PBXGroup;
			children = (
				A20000000000000000000001 /* Main.swift */,
				A20000000000000000000002 /* ApplicationDelegate.swift */,
				A20000000000000000000015 /* NativeRuntime.swift */,
			);
			path = Platform/macOS/App;
			sourceTree = "<group>";
		};
		A40000000000000000000003 /* Sources */ = {
			isa = PBXGroup;
			children = (
				A40000000000000000000004 /* InputController */,
				A4000000000000000000000D /* CandidateWindow */,
				A4000000000000000000000E /* Configuration */,
				A40000000000000000000005 /* Installer */,
				A40000000000000000000009 /* InputEngine */,
			);
			path = Platform/macOS;
			sourceTree = "<group>";
		};
		A40000000000000000000004 /* InputController */ = {
			isa = PBXGroup;
			children = (
				A20000000000000000000003 /* WindWhisperInputController.swift */,
				A20000000000000000000016 /* KeyMapper.swift */,
				A20000000000000000000017 /* M3SmokeTest.swift */,
				A20000000000000000000011 /* EngineSmokeTest.swift */,
				A20000000000000000000026 /* M8SmokeTest.swift */,
			);
			path = InputMethod;
			sourceTree = "<group>";
		};
		A40000000000000000000005 /* Installer */ = {
			isa = PBXGroup;
			children = (
				A20000000000000000000004 /* InputSourceMetadata.swift */,
				A20000000000000000000005 /* MaintenanceCommand.swift */,
				A20000000000000000000008 /* InputSourceManager.swift */,
			);
			path = Installer;
			sourceTree = "<group>";
		};
		A40000000000000000000006 /* Resources */ = {
			isa = PBXGroup;
			children = (
				A20000000000000000000006 /* Info.plist */,
				A20000000000000000000009 /* WindWhisperInputIcon-v1.pdf */,
				A2000000000000000000000B /* Assets.xcassets */,
				A20000000000000000000013 /* fy.dict.yaml */,
				A2000000000000000000000A /* zh_CN.lproj */,
				A20000000000000000000018 /* zh-Hans.lproj */,
				A20000000000000000000019 /* en.lproj */,
			);
			path = Resources;
			sourceTree = "<group>";
		};
		A40000000000000000000007 /* Products */ = {
			isa = PBXGroup;
			children = (
				A20000000000000000000007 /* windwhisper.app */,
			);
			name = Products;
			sourceTree = "<group>";
		};
		A40000000000000000000009 /* InputEngine */ = {
			isa = PBXGroup;
			children = (
				A2000000000000000000000F /* InputModels.swift */,
				A20000000000000000000010 /* InputService.swift */,
			);
			path = ../../Core/SwiftAdapter;
			sourceTree = "<group>";
		};
		A4000000000000000000000D /* CandidateWindow */ = {
			isa = PBXGroup;
			children = (
				A2000000000000000000001B /* CandidateWindowController.swift */,
				A2000000000000000000001C /* CandidateWindowPositioner.swift */,
				A2000000000000000000001E /* CandidateWindowTheme.swift */,
				A2000000000000000000001F /* CandidateWindowLayout.swift */,
				A20000000000000000000025 /* InputModeIndicatorController.swift */,
				A2000000000000000000001D /* M4SmokeTest.swift */,
				A20000000000000000000020 /* M5SmokeTest.swift */,
			);
			path = CandidateWindow;
			sourceTree = "<group>";
		};
		A4000000000000000000000E /* Configuration */ = {
			isa = PBXGroup;
			children = (
				A20000000000000000000022 /* FengYuSettings.swift */,
				A20000000000000000000023 /* FengYuSettingsMenu.swift */,
				A20000000000000000000024 /* M7SmokeTest.swift */,
				A20000000000000000000027 /* CustomWords.swift */,
				A20000000000000000000028 /* CustomWordsEditor.swift */,
			);
			path = Configuration;
			sourceTree = "<group>";
		};
/* End PBXGroup section */

/* Begin PBXNativeTarget section */
		A50000000000000000000001 /* windwhisper */ = {
			isa = PBXNativeTarget;
			buildConfigurationList = A90000000000000000000002 /* Build configuration list for PBXNativeTarget "windwhisper" */;
			buildPhases = (
				A60000000000000000000001 /* Sources */,
				A30000000000000000000001 /* Frameworks */,
				A70000000000000000000001 /* Resources */,
			);
			buildRules = (
			);
			dependencies = (
			);
			name = windwhisper;
			productName = windwhisper;
			productReference = A20000000000000000000007 /* windwhisper.app */;
			productType = "com.apple.product-type.application";
		};
/* End PBXNativeTarget section */

/* Begin PBXProject section */
		A80000000000000000000001 /* Project object */ = {
			isa = PBXProject;
			attributes = {
				BuildIndependentTargetsInParallel = 1;
				LastSwiftUpdateCheck = 2640;
				LastUpgradeCheck = 2640;
				TargetAttributes = {
					A50000000000000000000001 = {
						CreatedOnToolsVersion = 26.4;
					};
				};
			};
			buildConfigurationList = A90000000000000000000001 /* Build configuration list for PBXProject "windwhisper" */;
			compatibilityVersion = "Xcode 15.0";
			developmentRegion = zh_CN;
			hasScannedForEncodings = 0;
			knownRegions = (
				en,
				Base,
				zh_CN,
				"zh-Hans",
			);
			mainGroup = A40000000000000000000001;
			productRefGroup = A40000000000000000000007 /* Products */;
			projectDirPath = "";
			projectRoot = "";
			targets = (
				A50000000000000000000001 /* windwhisper */,
			);
		};
/* End PBXProject section */

/* Begin PBXResourcesBuildPhase section */
		A70000000000000000000001 /* Resources */ = {
			isa = PBXResourcesBuildPhase;
			buildActionMask = 2147483647;
			files = (
				A10000000000000000000007 /* WindWhisperInputIcon-v1.pdf in Resources */,
				A10000000000000000000008 /* zh_CN.lproj in Resources */,
				A10000000000000000000009 /* Assets.xcassets in Resources */,
				A10000000000000000000010 /* fy.dict.yaml in Resources */,
				A10000000000000000000014 /* zh-Hans.lproj in Resources */,
				A10000000000000000000015 /* en.lproj in Resources */,
			);
			runOnlyForDeploymentPostprocessing = 0;
		};
/* End PBXResourcesBuildPhase section */

/* Begin PBXSourcesBuildPhase section */
		A60000000000000000000001 /* Sources */ = {
			isa = PBXSourcesBuildPhase;
			buildActionMask = 2147483647;
			files = (
				A10000000000000000000001 /* Main.swift in Sources */,
				A10000000000000000000002 /* ApplicationDelegate.swift in Sources */,
				A10000000000000000000003 /* WindWhisperInputController.swift in Sources */,
				A10000000000000000000004 /* InputSourceMetadata.swift in Sources */,
				A10000000000000000000005 /* MaintenanceCommand.swift in Sources */,
				A10000000000000000000006 /* InputSourceManager.swift in Sources */,
				A1000000000000000000000B /* InputModels.swift in Sources */,
				A1000000000000000000000C /* InputService.swift in Sources */,
				A1000000000000000000000D /* EngineSmokeTest.swift in Sources */,
				A10000000000000000000011 /* NativeRuntime.swift in Sources */,
				A10000000000000000000012 /* KeyMapper.swift in Sources */,
				A10000000000000000000013 /* M3SmokeTest.swift in Sources */,
				A10000000000000000000017 /* CandidateWindowController.swift in Sources */,
				A10000000000000000000018 /* CandidateWindowPositioner.swift in Sources */,
				A10000000000000000000019 /* M4SmokeTest.swift in Sources */,
				A1000000000000000000001A /* CandidateWindowTheme.swift in Sources */,
				A1000000000000000000001B /* CandidateWindowLayout.swift in Sources */,
				A1000000000000000000001C /* M5SmokeTest.swift in Sources */,
				A1000000000000000000001E /* FengYuSettings.swift in Sources */,
				A1000000000000000000001F /* FengYuSettingsMenu.swift in Sources */,
				A10000000000000000000020 /* M7SmokeTest.swift in Sources */,
				A10000000000000000000021 /* InputModeIndicatorController.swift in Sources */,
				A10000000000000000000022 /* M8SmokeTest.swift in Sources */,
				A10000000000000000000023 /* CustomWords.swift in Sources */,
				A10000000000000000000024 /* CustomWordsEditor.swift in Sources */,
			);
			runOnlyForDeploymentPostprocessing = 0;
		};
/* End PBXSourcesBuildPhase section */

/* Begin XCBuildConfiguration section */
		AA0000000000000000000001 /* Debug */ = {
			isa = XCBuildConfiguration;
			buildSettings = {
				ALWAYS_SEARCH_USER_PATHS = NO;
				CLANG_ENABLE_MODULES = YES;
				CLANG_ENABLE_OBJC_ARC = YES;
				COPY_PHASE_STRIP = NO;
				DEBUG_INFORMATION_FORMAT = dwarf;
				ENABLE_STRICT_OBJC_MSGSEND = YES;
				GCC_C_LANGUAGE_STANDARD = gnu17;
				MACOSX_DEPLOYMENT_TARGET = 13.0;
				ONLY_ACTIVE_ARCH = YES;
				SDKROOT = macosx;
				SWIFT_ACTIVE_COMPILATION_CONDITIONS = DEBUG;
				SWIFT_OPTIMIZATION_LEVEL = "-Onone";
				SWIFT_VERSION = 6.0;
			};
			name = Debug;
		};
		AA0000000000000000000002 /* Release */ = {
			isa = XCBuildConfiguration;
			buildSettings = {
				ALWAYS_SEARCH_USER_PATHS = NO;
				ARCHS = "arm64 x86_64";
				CLANG_ENABLE_MODULES = YES;
				CLANG_ENABLE_OBJC_ARC = YES;
				COPY_PHASE_STRIP = YES;
				DEBUG_INFORMATION_FORMAT = "dwarf-with-dsym";
				ENABLE_NS_ASSERTIONS = NO;
				ENABLE_STRICT_OBJC_MSGSEND = YES;
				GCC_C_LANGUAGE_STANDARD = gnu17;
				MACOSX_DEPLOYMENT_TARGET = 13.0;
				ONLY_ACTIVE_ARCH = NO;
				SDKROOT = macosx;
				SWIFT_COMPILATION_MODE = wholemodule;
				SWIFT_OPTIMIZATION_LEVEL = "-O";
				SWIFT_VERSION = 6.0;
			};
			name = Release;
		};
		AA0000000000000000000003 /* Debug */ = {
			isa = XCBuildConfiguration;
			buildSettings = {
				ASSETCATALOG_COMPILER_APPICON_NAME = AppIcon;
				CODE_SIGN_IDENTITY = "-";
				CODE_SIGN_STYLE = Manual;
				CURRENT_PROJECT_VERSION = 1;
				ENABLE_DEBUG_DYLIB = NO;
				ENABLE_HARDENED_RUNTIME = NO;
				GENERATE_INFOPLIST_FILE = NO;
				GENERATE_PKGINFO_FILE = YES;
				INFOPLIST_FILE = Resources/Info.plist;
				LD_RUNPATH_SEARCH_PATHS = (
					"$(inherited)",
					"@executable_path/../Frameworks",
				);
				MARKETING_VERSION = 0.1.0;
				PRODUCT_BUNDLE_IDENTIFIER = com.shendongchun.inputmethod.windwhisper.local;
				PRODUCT_MODULE_NAME = windwhisper;
				PRODUCT_NAME = windwhisper;
				SKIP_INSTALL = NO;
				SWIFT_EMIT_LOC_STRINGS = NO;
			};
			name = Debug;
		};
		AA0000000000000000000004 /* Release */ = {
			isa = XCBuildConfiguration;
			buildSettings = {
				ASSETCATALOG_COMPILER_APPICON_NAME = AppIcon;
				CODE_SIGN_IDENTITY = "-";
				CODE_SIGN_STYLE = Manual;
				CURRENT_PROJECT_VERSION = 1;
				ENABLE_DEBUG_DYLIB = NO;
				ENABLE_HARDENED_RUNTIME = NO;
				GENERATE_INFOPLIST_FILE = NO;
				GENERATE_PKGINFO_FILE = YES;
				INFOPLIST_FILE = Resources/Info.plist;
				LD_RUNPATH_SEARCH_PATHS = (
					"$(inherited)",
					"@executable_path/../Frameworks",
				);
				MARKETING_VERSION = 0.1.0;
				PRODUCT_BUNDLE_IDENTIFIER = com.shendongchun.inputmethod.windwhisper.local;
				PRODUCT_MODULE_NAME = windwhisper;
				PRODUCT_NAME = windwhisper;
				SKIP_INSTALL = NO;
				SWIFT_EMIT_LOC_STRINGS = NO;
			};
			name = Release;
		};
/* End XCBuildConfiguration section */

/* Begin XCConfigurationList section */
		A90000000000000000000001 /* Build configuration list for PBXProject "windwhisper" */ = {
			isa = XCConfigurationList;
			buildConfigurations = (
				AA0000000000000000000001 /* Debug */,
				AA0000000000000000000002 /* Release */,
			);
			defaultConfigurationIsVisible = 0;
			defaultConfigurationName = Release;
		};
		A90000000000000000000002 /* Build configuration list for PBXNativeTarget "windwhisper" */ = {
			isa = XCConfigurationList;
			buildConfigurations = (
				AA0000000000000000000003 /* Debug */,
				AA0000000000000000000004 /* Release */,
			);
			defaultConfigurationIsVisible = 0;
			defaultConfigurationName = Release;
		};
/* End XCConfigurationList section */
	};
	rootObject = A80000000000000000000001 /* Project object */;
}
